
Microsoft Visual Studio Solution File, Format Version 12.00
# Visual Studio Version 17
VisualStudioVersion = 17.8.34525.116
MinimumVisualStudioVersion = 10.0.40219.1
Project("{FAE04EC0-301F-11D3-BF4B-00C04F79EFBC}") = "MVC-CORE", "MVC-CORE.csproj", "{911F9A55-1115-4534-BDA0-38233E910AB8}"
EndProject
Global
	GlobalSection(SolutionConfigurationPlatforms) = preSolution
		Debug|Any CPU = Debug|Any CPU
		Release|Any CPU = Release|Any CPU
	EndGlobalSection
	GlobalSection(ProjectConfigurationPlatforms) = postSolution
		{911F9A55-1115-4534-BDA0-38233E910AB8}.Debug|Any CPU.ActiveCfg = Debug|Any CPU
		{911F9A55-1115-4534-BDA0-38233E910AB8}.Debug|Any CPU.Build.0 = Debug|Any CPU
		{911F9A55-1115-4534-BDA0-38233E910AB8}.Release|Any CPU.ActiveCfg = Release|Any CPU
		{911F9A55-1115-4534-BDA0-38233E910AB8}.Release|Any CPU.Build.0 = Release|Any CPU
	EndGlobalSection
	GlobalSection(SolutionProperties) = preSolution
		HideSolutionNode = FALSE
	EndGlobalSection
	GlobalSection(ExtensibilityGlobals) = postSolution
		SolutionGuid = {0D51C898-4696-4858-834A-6082A2B0EA5F}
	EndGlobalSection
EndGlobal
